<Solution>
  <Project Path="KitveiHakodeshLib/KitveiHakodeshLib.csproj" Id="A1B2C3D4-E5F6-7890-ABCD-EF1234567890" />
  <Project Path="SearchEngine/Ftslib/FtsLib.csproj" Id="76F9DAA9-374F-40F9-8511-3239FB6E846E" />
  <Project Path="KitveiHakodeshDemoApp/KitveiHakodeshDemoApp.csproj" Id="2b6e5acb-2062-4281-aacb-c46681fcfe42" />
  <Project Path="DocumentLocator/DocumentLocator.Client/DocumentLocator.Client.csproj" Id="E7B8C9D0-E1F2-43AB-B5C6-D7E8F9A0B1C2" />
</Solution>
